{
  "name": "@said-pay/sdk",
  "version": "0.1.0",
  "lockfileVersion": 3,
  "requires": true,
  "packages": {
    "": {
      "name": "@said-pay/sdk",
      "version": "0.1.0",
      "license": "MIT",
      "devDependencies": {
        "typescript": "^5.4"
      },
      "peerDependencies": {
        "@railgun-community/shared-models": "^8.0.1",
        "@railgun-community/waku-broadcaster-client-node": "^9.1.0",
        "@railgun-community/waku-broadcaster-client-web": "^9.1.0",
        "@railgun-community/wallet": "^10.8.6"
      },
      "peerDependenciesMeta": {
        "@railgun-community/shared-models": {
          "optional": true
        },
        "@railgun-community/waku-broadcaster-client-node": {
          "optional": true
        },
        "@railgun-community/waku-broadcaster-client-web": {
          "optional": true
        },
        "@railgun-community/wallet": {
          "optional": true
        }
      }
    },
    "node_modules/typescript": {
      "version": "5.9.3",
      "resolved": "https://registry.npmjs.org/typescript/-/typescript-5.9.3.tgz",
      "integrity": "sha512-jl1vZzPDinLr9eUt3J/t7V6FgNEw9QjvBPdysz9KfQDD41fQrC2Y4vKQdiaUpFT4bXlb1RHhLpp8wtm6M5TgSw==",
      "dev": true,
      "license": "Apache-2.0",
      "bin": {
        "tsc": "bin/tsc",
        "tsserver": "bin/tsserver"
      },
      "engines": {
        "node": ">=14.17"
      }
    }
  }
}
